
Microsoft Visual Studio Solution File, Format Version 12.00
# Visual Studio 15
VisualStudioVersion = 15.0.28307.421
MinimumVisualStudioVersion = 10.0.40219.1
Project("{FAE04EC0-301F-11D3-BF4B-00C04F79EFBC}") = "Curs24Homework", "Curs24Homework\Curs24Homework.csproj", "{AAF5CAD8-9FE2-4DC0-B704-8C36B72B2CCF}"
EndProject
Global
	GlobalSection(SolutionConfigurationPlatforms) = preSolution
		Debug|Any CPU = Debug|Any CPU
		Release|Any CPU = Release|Any CPU
	EndGlobalSection
	GlobalSection(ProjectConfigurationPlatforms) = postSolution
		{AAF5CAD8-9FE2-4DC0-B704-8C36B72B2CCF}.Debug|Any CPU.ActiveCfg = Debug|Any CPU
		{AAF5CAD8-9FE2-4DC0-B704-8C36B72B2CCF}.Debug|Any CPU.Build.0 = Debug|Any CPU
		{AAF5CAD8-9FE2-4DC0-B704-8C36B72B2CCF}.Release|Any CPU.ActiveCfg = Release|Any CPU
		{AAF5CAD8-9FE2-4DC0-B704-8C36B72B2CCF}.Release|Any CPU.Build.0 = Release|Any CPU
	EndGlobalSection
	GlobalSection(SolutionProperties) = preSolution
		HideSolutionNode = FALSE
	EndGlobalSection
	GlobalSection(ExtensibilityGlobals) = postSolution
		SolutionGuid = {1F1FD4C9-F2D1-4375-A5F7-96913395670B}
	EndGlobalSection
EndGlobal
